# THIS IS AN AUTOGENERATED FILE. DO NOT EDIT THIS FILE DIRECTLY.
# yarn lockfile v1


typescript@^3.3.3:
  version "3.3.3"
  resolved "https://registry.yarnpkg.com/typescript/-/typescript-3.3.3.tgz#f1657fc7daa27e1a8930758ace9ae8da31403221"
  integrity sha512-Y21Xqe54TBVp+VDSNbuDYdGw0BpoR/Q6wo/+35M8PAU0vipahnyduJWirxxdxjsAkS7hue53x2zp8gz7F05u0A==

uniq@^1.0.1:
  version "1.0.1"
  resolved "https://registry.yarnpkg.com/uniq/-/uniq-1.0.1.tgz#b31c5ae8254844a3a8281541ce2b04b865a734ff"
  integrity sha1-sxxa6CVIRKOoKBVBzisEuGWnNP8=
